// !$*UTF8*$!
{
	archiveVersion = 1;
	classes = {
	};
	objectVersion = 51;
	objects = {

/* Begin PBXBuildFile section */
		AC43602E256D1B1E00918EEC /* AppDelegate.swift in Sources */ = {isa = PBXBuildFile; fileRef = AC43602D256D1B1E00918EEC /* AppDelegate.swift */; };
		AC436030256D1B1E00918EEC /* SceneDelegate.swift in Sources */ = {isa = PBXBuildFile; fileRef = AC43602F256D1B1E00918EEC /* SceneDelegate.swift */; };
		AC436035256D1B1E00918EEC /* Main.storyboard in Resources */ = {isa = PBXBuildFile; fileRef = AC436033256D1B1E00918EEC /* Main.storyboard */; };
		AC436037256D1B2000918EEC /* Assets.xcassets in Resources */ = {isa = PBXBuildFile; fileRef = AC436036256D1B2000918EEC /* Assets.xcassets */; };
		AC43603A256D1B2000918EEC /* LaunchScreen.storyboard in Resources */ = {isa = PBXBuildFile; fileRef = AC436038256D1B2000918EEC /* LaunchScreen.storyboard */; };
		AC436048256D296B00918EEC /* BaseNavigationController.swift in Sources */ = {isa = PBXBuildFile; fileRef = AC436046256D296B00918EEC /* BaseNavigationController.swift */; };
		AC436049256D296B00918EEC /* BaseController.swift in Sources */ = {isa = PBXBuildFile; fileRef = AC436047256D296B00918EEC /* BaseController.swift */; };
		AC43604D256D29D300918EEC /* Notifications+Extensions.swift in Sources */ = {isa = PBXBuildFile; fileRef = AC43604C256D29D300918EEC /* Notifications+Extensions.swift */; };
		AC436050256D2A2800918EEC /* UIView+Material.swift in Sources */ = {isa = PBXBuildFile; fileRef = AC43604F256D2A2800918EEC /* UIView+Material.swift */; };
		AC436053256D2A7600918EEC /* String+Extensions.swift in Sources */ = {isa = PBXBuildFile; fileRef = AC436052256D2A7600918EEC /* String+Extensions.swift */; };
		AC436056256D2B2800918EEC /* ConvertExtensions.swift in Sources */ = {isa = PBXBuildFile; fileRef = AC436055256D2B2800918EEC /* ConvertExtensions.swift */; };
		AC436059256D2B8E00918EEC /* UIViewController+Keyboard.swift in Sources */ = {isa = PBXBuildFile; fileRef = AC436058256D2B8E00918EEC /* UIViewController+Keyboard.swift */; };
		AC43605D256D2C4300918EEC /* FileManager.swift in Sources */ = {isa = PBXBuildFile; fileRef = AC43605C256D2C4300918EEC /* FileManager.swift */; };
		AC436075256D34F200918EEC /* VisionViewController.swift in Sources */ = {isa = PBXBuildFile; fileRef = AC436074256D34F200918EEC /* VisionViewController.swift */; };
		AC43608D256D364600918EEC /* Material.swift in Sources */ = {isa = PBXBuildFile; fileRef = AC43608C256D364600918EEC /* Material.swift */; };
		AC436090256D369200918EEC /* MainCoordinator.swift in Sources */ = {isa = PBXBuildFile; fileRef = AC43608F256D369200918EEC /* MainCoordinator.swift */; };
		AC436093256D3B8F00918EEC /* Vision.framework in Frameworks */ = {isa = PBXBuildFile; fileRef = AC436092256D3B8F00918EEC /* Vision.framework */; };
		AC436097256D421A00918EEC /* ReceiptContents.swift in Sources */ = {isa = PBXBuildFile; fileRef = AC436096256D421A00918EEC /* ReceiptContents.swift */; };
		AC43609D256D45F000918EEC /* Enums.swift in Sources */ = {isa = PBXBuildFile; fileRef = AC43609C256D45F000918EEC /* Enums.swift */; };
		AC4360A0256D472100918EEC /* VisionKit.framework in Frameworks */ = {isa = PBXBuildFile; fileRef = AC43609F256D472000918EEC /* VisionKit.framework */; };
		E8920C649A32D739B257335D /* Pods_AppVision.framework in Frameworks */ = {isa = PBXBuildFile; fileRef = F82C45A1C060B4AE3D9D8D18 /* Pods_AppVision.framework */; };
/* End PBXBuildFile section */

/* Begin PBXFileReference section */
		8BD8D9817F9B3AB01C7659C3 /* Pods-AppVision.debug.xcconfig */ = {isa = PBXFileReference; includeInIndex = 1; lastKnownFileType = text.xcconfig; name = "Pods-AppVision.debug.xcconfig"; path = "Target Support Files/Pods-AppVision/Pods-AppVision.debug.xcconfig"; sourceTree = "<group>"; };
		AC43602A256D1B1E00918EEC /* AppVision.app */ = {isa = PBXFileReference; explicitFileType = wrapper.application; includeInIndex = 0; path = AppVision.app; sourceTree = BUILT_PRODUCTS_DIR; };
		AC43602D256D1B1E00918EEC /* AppDelegate.swift */ = {isa = PBXFileReference; lastKnownFileType = sourcecode.swift; path = AppDelegate.swift; sourceTree = "<group>"; };
		AC43602F256D1B1E00918EEC /* SceneDelegate.swift */ = {isa = PBXFileReference; lastKnownFileType = sourcecode.swift; path = SceneDelegate.swift; sourceTree = "<group>"; };
		AC436034256D1B1E00918EEC /* Base */ = {isa = PBXFileReference; lastKnownFileType = file.storyboard; name = Base; path = Base.lproj/Main.storyboard; sourceTree = "<group>"; };
		AC436036256D1B2000918EEC /* Assets.xcassets */ = {isa = PBXFileReference; lastKnownFileType = folder.assetcatalog; path = Assets.xcassets; sourceTree = "<group>"; };
		AC436039256D1B2000918EEC /* Base */ = {isa = PBXFileReference; lastKnownFileType = file.storyboard; name = Base; path = Base.lproj/LaunchScreen.storyboard; sourceTree = "<group>"; };
		AC43603B256D1B2000918EEC /* Info.plist */ = {isa = PBXFileReference; lastKnownFileType = text.plist.xml; path = Info.plist; sourceTree = "<group>"; };
		AC436046256D296B00918EEC /* BaseNavigationController.swift */ = {isa = PBXFileReference; fileEncoding = 4; lastKnownFileType = sourcecode.swift; path = BaseNavigationController.swift; sourceTree = "<group>"; };
		AC436047256D296B00918EEC /* BaseController.swift */ = {isa = PBXFileReference; fileEncoding = 4; lastKnownFileType = sourcecode.swift; path = BaseController.swift; sourceTree = "<group>"; };
		AC43604C256D29D300918EEC /* Notifications+Extensions.swift */ = {isa = PBXFileReference; fileEncoding = 4; lastKnownFileType = sourcecode.swift; path = "Notifications+Extensions.swift"; sourceTree = "<group>"; };
		AC43604F256D2A2800918EEC /* UIView+Material.swift */ = {isa = PBXFileReference; fileEncoding = 4; lastKnownFileType = sourcecode.swift; path = "UIView+Material.swift"; sourceTree = "<group>"; };
		AC436052256D2A7600918EEC /* String+Extensions.swift */ = {isa = PBXFileReference; fileEncoding = 4; lastKnownFileType = sourcecode.swift; path = "String+Extensions.swift"; sourceTree = "<group>"; };
		AC436055256D2B2800918EEC /* ConvertExtensions.swift */ = {isa = PBXFileReference; fileEncoding = 4; lastKnownFileType = sourcecode.swift; path = ConvertExtensions.swift; sourceTree = "<group>"; };
		AC436058256D2B8E00918EEC /* UIViewController+Keyboard.swift */ = {isa = PBXFileReference; fileEncoding = 4; lastKnownFileType = sourcecode.swift; path = "UIViewController+Keyboard.swift"; sourceTree = "<group>"; };
		AC43605C256D2C4300918EEC /* FileManager.swift */ = {isa = PBXFileReference; fileEncoding = 4; lastKnownFileType = sourcecode.swift; path = FileManager.swift; sourceTree = "<group>"; };
		AC436074256D34F200918EEC /* VisionViewController.swift */ = {isa = PBXFileReference; lastKnownFileType = sourcecode.swift; path = VisionViewController.swift; sourceTree = "<group>"; };
		AC43608C256D364600918EEC /* Material.swift */ = {isa = PBXFileReference; fileEncoding = 4; lastKnownFileType = sourcecode.swift; path = Material.swift; sourceTree = "<group>"; };
		AC43608F256D369200918EEC /* MainCoordinator.swift */ = {isa = PBXFileReference; fileEncoding = 4; lastKnownFileType = sourcecode.swift; path = MainCoordinator.swift; sourceTree = "<group>"; };
		AC436092256D3B8F00918EEC /* Vision.framework */ = {isa = PBXFileReference; lastKnownFileType = wrapper.framework; name = Vision.framework; path = System/Library/Frameworks/Vision.framework; sourceTree = SDKROOT; };
		AC436096256D421A00918EEC /* ReceiptContents.swift */ = {isa = PBXFileReference; lastKnownFileType = sourcecode.swift; path = ReceiptContents.swift; sourceTree = "<group>"; };
		AC43609C256D45F000918EEC /* Enums.swift */ = {isa = PBXFileReference; lastKnownFileType = sourcecode.swift; path = Enums.swift; sourceTree = "<group>"; };
		AC43609F256D472000918EEC /* VisionKit.framework */ = {isa = PBXFileReference; lastKnownFileType = wrapper.framework; name = VisionKit.framework; path = System/Library/Frameworks/VisionKit.framework; sourceTree = SDKROOT; };
		D8264374E085AE84697622BB /* Pods-AppVision.release.xcconfig */ = {isa = PBXFileReference; includeInIndex = 1; lastKnownFileType = text.xcconfig; name = "Pods-AppVision.release.xcconfig"; path = "Target Support Files/Pods-AppVision/Pods-AppVision.release.xcconfig"; sourceTree = "<group>"; };
		F82C45A1C060B4AE3D9D8D18 /* Pods_AppVision.framework */ = {isa = PBXFileReference; explicitFileType = wrapper.framework; includeInIndex = 0; path = Pods_AppVision.framework; sourceTree = BUILT_PRODUCTS_DIR; };
/* End PBXFileReference section */

/* Begin PBXFrameworksBuildPhase section */
		AC436027256D1B1E00918EEC /* Frameworks */ = {
			isa = PBXFrameworksBuildPhase;
			buildActionMask = 2147483647;
			files = (
				AC436093256D3B8F00918EEC /* Vision.framework in Frameworks */,
				E8920C649A32D739B257335D /* Pods_AppVision.framework in Frameworks */,
				AC4360A0256D472100918EEC /* VisionKit.framework in Frameworks */,
			);
			runOnlyForDeploymentPostprocessing = 0;
		};
/* End PBXFrameworksBuildPhase section */

/* Begin PBXGroup section */
		3E0137B8A777FE9FF9097390 /* Pods */ = {
			isa = PBXGroup;
			children = (
				8BD8D9817F9B3AB01C7659C3 /* Pods-AppVision.debug.xcconfig */,
				D8264374E085AE84697622BB /* Pods-AppVision.release.xcconfig */,
			);
			path = Pods;
			sourceTree = "<group>";
		};
		A93749BA78996F0010837B1F /* Frameworks */ = {
			isa = PBXGroup;
			children = (
				AC43609F256D472000918EEC /* VisionKit.framework */,
				AC436092256D3B8F00918EEC /* Vision.framework */,
				F82C45A1C060B4AE3D9D8D18 /* Pods_AppVision.framework */,
			);
			name = Frameworks;
			sourceTree = "<group>";
		};
		AC436021256D1B1D00918EEC = {
			isa = PBXGroup;
			children = (
				AC43602C256D1B1E00918EEC /* AppVision */,
				AC43602B256D1B1E00918EEC /* Products */,
				3E0137B8A777FE9FF9097390 /* Pods */,
				A93749BA78996F0010837B1F /* Frameworks */,
			);
			sourceTree = "<group>";
		};
		AC43602B256D1B1E00918EEC /* Products */ = {
			isa = PBXGroup;
			children = (
				AC43602A256D1B1E00918EEC /* AppVision.app */,
			);
			name = Products;
			sourceTree = "<group>";
		};
		AC43602C256D1B1E00918EEC /* AppVision */ = {
			isa = PBXGroup;
			children = (
				AC436072256D34BB00918EEC /* Modules */,
				AC436045256D294D00918EEC /* Common */,
				AC43602D256D1B1E00918EEC /* AppDelegate.swift */,
				AC43602F256D1B1E00918EEC /* SceneDelegate.swift */,
				AC436033256D1B1E00918EEC /* Main.storyboard */,
				AC436036256D1B2000918EEC /* Assets.xcassets */,
				AC436038256D1B2000918EEC /* LaunchScreen.storyboard */,
				AC43603B256D1B2000918EEC /* Info.plist */,
			);
			path = AppVision;
			sourceTree = "<group>";
		};
		AC436044256D291700918EEC /* BaseUI */ = {
			isa = PBXGroup;
			children = (
				AC436047256D296B00918EEC /* BaseController.swift */,
				AC436046256D296B00918EEC /* BaseNavigationController.swift */,
			);
			path = BaseUI;
			sourceTree = "<group>";
		};
		AC436045256D294D00918EEC /* Common */ = {
			isa = PBXGroup;
			children = (
				AC436044256D291700918EEC /* BaseUI */,
				AC43605B256D2C3100918EEC /* Managers */,
				AC43604B256D29BF00918EEC /* Extensions */,
				AC43609C256D45F000918EEC /* Enums.swift */,
			);
			path = Common;
			sourceTree = "<group>";
		};
		AC43604B256D29BF00918EEC /* Extensions */ = {
			isa = PBXGroup;
			children = (
				AC43604C256D29D300918EEC /* Notifications+Extensions.swift */,
				AC436055256D2B2800918EEC /* ConvertExtensions.swift */,
				AC436052256D2A7600918EEC /* String+Extensions.swift */,
				AC43604F256D2A2800918EEC /* UIView+Material.swift */,
				AC436058256D2B8E00918EEC /* UIViewController+Keyboard.swift */,
			);
			path = Extensions;
			sourceTree = "<group>";
		};
		AC43605B256D2C3100918EEC /* Managers */ = {
			isa = PBXGroup;
			children = (
				AC43608C256D364600918EEC /* Material.swift */,
				AC43608F256D369200918EEC /* MainCoordinator.swift */,
				AC43605C256D2C4300918EEC /* FileManager.swift */,
			);
			path = Managers;
			sourceTree = "<group>";
		};
		AC436072256D34BB00918EEC /* Modules */ = {
			isa = PBXGroup;
			children = (
				AC436073256D34C200918EEC /* Vision */,
			);
			path = Modules;
			sourceTree = "<group>";
		};
		AC436073256D34C200918EEC /* Vision */ = {
			isa = PBXGroup;
			children = (
				AC436074256D34F200918EEC /* VisionViewController.swift */,
				AC436096256D421A00918EEC /* ReceiptContents.swift */,
			);
			path = Vision;
			sourceTree = "<group>";
		};
/* End PBXGroup section */

/* Begin PBXNativeTarget section */
		AC436029256D1B1E00918EEC /* AppVision */ = {
			isa = PBXNativeTarget;
			buildConfigurationList = AC43603E256D1B2000918EEC /* Build configuration list for PBXNativeTarget "AppVision" */;
			buildPhases = (
				661864B45C77E086F8790E73 /* [CP] Check Pods Manifest.lock */,
				AC436026256D1B1E00918EEC /* Sources */,
				AC436027256D1B1E00918EEC /* Frameworks */,
				AC436028256D1B1E00918EEC /* Resources */,
				8625073DAB4D9EF786FE02E2 /* [CP] Embed Pods Frameworks */,
			);
			buildRules = (
			);
			dependencies = (
			);
			name = AppVision;
			productName = AppVision;
			productReference = AC43602A256D1B1E00918EEC /* AppVision.app */;
			productType = "com.apple.product-type.application";
		};
/* End PBXNativeTarget section */

/* Begin PBXProject section */
		AC436022256D1B1D00918EEC /* Project object */ = {
			isa = PBXProject;
			attributes = {
				LastSwiftUpdateCheck = 1220;
				LastUpgradeCheck = 1220;
				TargetAttributes = {
					AC436029256D1B1E00918EEC = {
						CreatedOnToolsVersion = 12.2;
					};
				};
			};
			buildConfigurationList = AC436025256D1B1D00918EEC /* Build configuration list for PBXProject "AppVision" */;
			compatibilityVersion = "Xcode 9.3";
			developmentRegion = en;
			hasScannedForEncodings = 0;
			knownRegions = (
				en,
				Base,
			);
			mainGroup = AC436021256D1B1D00918EEC;
			productRefGroup = AC43602B256D1B1E00918EEC /* Products */;
			projectDirPath = "";
			projectRoot = "";
			targets = (
				AC436029256D1B1E00918EEC /* AppVision */,
			);
		};
/* End PBXProject section */

/* Begin PBXResourcesBuildPhase section */
		AC436028256D1B1E00918EEC /* Resources */ = {
			isa = PBXResourcesBuildPhase;
			buildActionMask = 2147483647;
			files = (
				AC43603A256D1B2000918EEC /* LaunchScreen.storyboard in Resources */,
				AC436037256D1B2000918EEC /* Assets.xcassets in Resources */,
				AC436035256D1B1E00918EEC /* Main.storyboard in Resources */,
			);
			runOnlyForDeploymentPostprocessing = 0;
		};
/* End PBXResourcesBuildPhase section */

/* Begin PBXShellScriptBuildPhase section */
		661864B45C77E086F8790E73 /* [CP] Check Pods Manifest.lock */ = {
			isa = PBXShellScriptBuildPhase;
			buildActionMask = 2147483647;
			files = (
			);
			inputFileListPaths = (
			);
			inputPaths = (
				"${PODS_PODFILE_DIR_PATH}/Podfile.lock",
				"${PODS_ROOT}/Manifest.lock",
			);
			name = "[CP] Check Pods Manifest.lock";
			outputFileListPaths = (
			);
			outputPaths = (
				"$(DERIVED_FILE_DIR)/Pods-AppVision-checkManifestLockResult.txt",
			);
			runOnlyForDeploymentPostprocessing = 0;
			shellPath = /bin/sh;
			shellScript = "diff \"${PODS_PODFILE_DIR_PATH}/Podfile.lock\" \"${PODS_ROOT}/Manifest.lock\" > /dev/null\nif [ $? != 0 ] ; then\n    # print error to STDERR\n    echo \"error: The sandbox is not in sync with the Podfile.lock. Run 'pod install' or update your CocoaPods installation.\" >&2\n    exit 1\nfi\n# This output is used by Xcode 'outputs' to avoid re-running this script phase.\necho \"SUCCESS\" > \"${SCRIPT_OUTPUT_FILE_0}\"\n";
			showEnvVarsInLog = 0;
		};
		8625073DAB4D9EF786FE02E2 /* [CP] Embed Pods Frameworks */ = {
			isa = PBXShellScriptBuildPhase;
			buildActionMask = 2147483647;
			files = (
			);
			inputFileListPaths = (
				"${PODS_ROOT}/Target Support Files/Pods-AppVision/Pods-AppVision-frameworks-${CONFIGURATION}-input-files.xcfilelist",
			);
			name = "[CP] Embed Pods Frameworks";
			outputFileListPaths = (
				"${PODS_ROOT}/Target Support Files/Pods-AppVision/Pods-AppVision-frameworks-${CONFIGURATION}-output-files.xcfilelist",
			);
			runOnlyForDeploymentPostprocessing = 0;
			shellPath = /bin/sh;
			shellScript = "\"${PODS_ROOT}/Target Support Files/Pods-AppVision/Pods-AppVision-frameworks.sh\"\n";
			showEnvVarsInLog = 0;
		};
/* End PBXShellScriptBuildPhase section */

/* Begin PBXSourcesBuildPhase section */
		AC436026256D1B1E00918EEC /* Sources */ = {
			isa = PBXSourcesBuildPhase;
			buildActionMask = 2147483647;
			files = (
				AC43602E256D1B1E00918EEC /* AppDelegate.swift in Sources */,
				AC436053256D2A7600918EEC /* String+Extensions.swift in Sources */,
				AC436075256D34F200918EEC /* VisionViewController.swift in Sources */,
				AC436050256D2A2800918EEC /* UIView+Material.swift in Sources */,
				AC43608D256D364600918EEC /* Material.swift in Sources */,
				AC436056256D2B2800918EEC /* ConvertExtensions.swift in Sources */,
				AC436059256D2B8E00918EEC /* UIViewController+Keyboard.swift in Sources */,
				AC43609D256D45F000918EEC /* Enums.swift in Sources */,
				AC43605D256D2C4300918EEC /* FileManager.swift in Sources */,
				AC436097256D421A00918EEC /* ReceiptContents.swift in Sources */,
				AC436030256D1B1E00918EEC /* SceneDelegate.swift in Sources */,
				AC436049256D296B00918EEC /* BaseController.swift in Sources */,
				AC436090256D369200918EEC /* MainCoordinator.swift in Sources */,
				AC43604D256D29D300918EEC /* Notifications+Extensions.swift in Sources */,
				AC436048256D296B00918EEC /* BaseNavigationController.swift in Sources */,
			);
			runOnlyForDeploymentPostprocessing = 0;
		};
/* End PBXSourcesBuildPhase section */

/* Begin PBXVariantGroup section */
		AC436033256D1B1E00918EEC /* Main.storyboard */ = {
			isa = PBXVariantGroup;
			children = (
				AC436034256D1B1E00918EEC /* Base */,
			);
			name = Main.storyboard;
			sourceTree = "<group>";
		};
		AC436038256D1B2000918EEC /* LaunchScreen.storyboard */ = {
			isa = PBXVariantGroup;
			children = (
				AC436039256D1B2000918EEC /* Base */,
			);
			name = LaunchScreen.storyboard;
			sourceTree = "<group>";
		};
/* End PBXVariantGroup section */

/* Begin XCBuildConfiguration section */
		AC43603C256D1B2000918EEC /* Debug */ = {
			isa = XCBuildConfiguration;
			buildSettings = {
				ALWAYS_SEARCH_USER_PATHS = NO;
				CLANG_ANALYZER_NONNULL = YES;
				CLANG_ANALYZER_NUMBER_OBJECT_CONVERSION = YES_AGGRESSIVE;
				CLANG_CXX_LANGUAGE_STANDARD = "gnu++14";
				CLANG_CXX_LIBRARY = "libc++";
				CLANG_ENABLE_MODULES = YES;
				CLANG_ENABLE_OBJC_ARC = YES;
				CLANG_ENABLE_OBJC_WEAK = YES;
				CLANG_WARN_BLOCK_CAPTURE_AUTORELEASING = YES;
				CLANG_WARN_BOOL_CONVERSION = YES;
				CLANG_WARN_COMMA = YES;
				CLANG_WARN_CONSTANT_CONVERSION = YES;
				CLANG_WARN_DEPRECATED_OBJC_IMPLEMENTATIONS = YES;
				CLANG_WARN_DIRECT_OBJC_ISA_USAGE = YES_ERROR;
				CLANG_WARN_DOCUMENTATION_COMMENTS = YES;
				CLANG_WARN_EMPTY_BODY = YES;
				CLANG_WARN_ENUM_CONVERSION = YES;
				CLANG_WARN_INFINITE_RECURSION = YES;
				CLANG_WARN_INT_CONVERSION = YES;
				CLANG_WARN_NON_LITERAL_NULL_CONVERSION = YES;
				CLANG_WARN_OBJC_IMPLICIT_RETAIN_SELF = YES;
				CLANG_WARN_OBJC_LITERAL_CONVERSION = YES;
				CLANG_WARN_OBJC_ROOT_CLASS = YES_ERROR;
				CLANG_WARN_QUOTED_INCLUDE_IN_FRAMEWORK_HEADER = YES;
				CLANG_WARN_RANGE_LOOP_ANALYSIS = YES;
				CLANG_WARN_STRICT_PROTOTYPES = YES;
				CLANG_WARN_SUSPICIOUS_MOVE = YES;
				CLANG_WARN_UNGUARDED_AVAILABILITY = YES_AGGRESSIVE;
				CLANG_WARN_UNREACHABLE_CODE = YES;
				CLANG_WARN__DUPLICATE_METHOD_MATCH = YES;
				COPY_PHASE_STRIP = NO;
				DEBUG_INFORMATION_FORMAT = dwarf;
				ENABLE_STRICT_OBJC_MSGSEND = YES;
				ENABLE_TESTABILITY = YES;
				GCC_C_LANGUAGE_STANDARD = gnu11;
				GCC_DYNAMIC_NO_PIC = NO;
				GCC_NO_COMMON_BLOCKS = YES;
				GCC_OPTIMIZATION_LEVEL = 0;
				GCC_PREPROCESSOR_DEFINITIONS = (
					"DEBUG=1",
					"$(inherited)",
				);
				GCC_WARN_64_TO_32_BIT_CONVERSION = YES;
				GCC_WARN_ABOUT_RETURN_TYPE = YES_ERROR;
				GCC_WARN_UNDECLARED_SELECTOR = YES;
				GCC_WARN_UNINITIALIZED_AUTOS = YES_AGGRESSIVE;
				GCC_WARN_UNUSED_FUNCTION = YES;
				GCC_WARN_UNUSED_VARIABLE = YES;
				IPHONEOS_DEPLOYMENT_TARGET = 14.2;
				MTL_ENABLE_DEBUG_INFO = INCLUDE_SOURCE;
				MTL_FAST_MATH = YES;
				ONLY_ACTIVE_ARCH = YES;
				SDKROOT = iphoneos;
				SWIFT_ACTIVE_COMPILATION_CONDITIONS = DEBUG;
				SWIFT_OPTIMIZATION_LEVEL = "-Onone";
			};
			name = Debug;
		};
		AC43603D256D1B2000918EEC /* Release */ = {
			isa = XCBuildConfiguration;
			buildSettings = {
				ALWAYS_SEARCH_USER_PATHS = NO;
				CLANG_ANALYZER_NONNULL = YES;
				CLANG_ANALYZER_NUMBER_OBJECT_CONVERSION = YES_AGGRESSIVE;
				CLANG_CXX_LANGUAGE_STANDARD = "gnu++14";
				CLANG_CXX_LIBRARY = "libc++";
				CLANG_ENABLE_MODULES = YES;
				CLANG_ENABLE_OBJC_ARC = YES;
				CLANG_ENABLE_OBJC_WEAK = YES;
				CLANG_WARN_BLOCK_CAPTURE_AUTORELEASING = YES;
				CLANG_WARN_BOOL_CONVERSION = YES;
				CLANG_WARN_COMMA = YES;
				CLANG_WARN_CONSTANT_CONVERSION = YES;
				CLANG_WARN_DEPRECATED_OBJC_IMPLEMENTATIONS = YES;
				CLANG_WARN_DIRECT_OBJC_ISA_USAGE = YES_ERROR;
				CLANG_WARN_DOCUMENTATION_COMMENTS = YES;
				CLANG_WARN_EMPTY_BODY = YES;
				CLANG_WARN_ENUM_CONVERSION = YES;
				CLANG_WARN_INFINITE_RECURSION = YES;
				CLANG_WARN_INT_CONVERSION = YES;
				CLANG_WARN_NON_LITERAL_NULL_CONVERSION = YES;
				CLANG_WARN_OBJC_IMPLICIT_RETAIN_SELF = YES;
				CLANG_WARN_OBJC_LITERAL_CONVERSION = YES;
				CLANG_WARN_OBJC_ROOT_CLASS = YES_ERROR;
				CLANG_WARN_QUOTED_INCLUDE_IN_FRAMEWORK_HEADER = YES;
				CLANG_WARN_RANGE_LOOP_ANALYSIS = YES;
				CLANG_WARN_STRICT_PROTOTYPES = YES;
				CLANG_WARN_SUSPICIOUS_MOVE = YES;
				CLANG_WARN_UNGUARDED_AVAILABILITY = YES_AGGRESSIVE;
				CLANG_WARN_UNREACHABLE_CODE = YES;
				CLANG_WARN__DUPLICATE_METHOD_MATCH = YES;
				COPY_PHASE_STRIP = NO;
				DEBUG_INFORMATION_FORMAT = "dwarf-with-dsym";
				ENABLE_NS_ASSERTIONS = NO;
				ENABLE_STRICT_OBJC_MSGSEND = YES;
				GCC_C_LANGUAGE_STANDARD = gnu11;
				GCC_NO_COMMON_BLOCKS = YES;
				GCC_WARN_64_TO_32_BIT_CONVERSION = YES;
				GCC_WARN_ABOUT_RETURN_TYPE = YES_ERROR;
				GCC_WARN_UNDECLARED_SELECTOR = YES;
				GCC_WARN_UNINITIALIZED_AUTOS = YES_AGGRESSIVE;
				GCC_WARN_UNUSED_FUNCTION = YES;
				GCC_WARN_UNUSED_VARIABLE = YES;
				IPHONEOS_DEPLOYMENT_TARGET = 14.2;
				MTL_ENABLE_DEBUG_INFO = NO;
				MTL_FAST_MATH = YES;
				SDKROOT = iphoneos;
				SWIFT_COMPILATION_MODE = wholemodule;
				SWIFT_OPTIMIZATION_LEVEL = "-O";
				VALIDATE_PRODUCT = YES;
			};
			name = Release;
		};
		AC43603F256D1B2000918EEC /* Debug */ = {
			isa = XCBuildConfiguration;
			baseConfigurationReference = 8BD8D9817F9B3AB01C7659C3 /* Pods-AppVision.debug.xcconfig */;
			buildSettings = {
				ASSETCATALOG_COMPILER_APPICON_NAME = AppIcon;
				ASSETCATALOG_COMPILER_GLOBAL_ACCENT_COLOR_NAME = AccentColor;
				CODE_SIGN_STYLE = Automatic;
				DEVELOPMENT_TEAM = 8MF5X3F4FR;
				INFOPLIST_FILE = AppVision/Info.plist;
				IPHONEOS_DEPLOYMENT_TARGET = 13.0;
				LD_RUNPATH_SEARCH_PATHS = (
					"$(inherited)",
					"@executable_path/Frameworks",
				);
				PRODUCT_BUNDLE_IDENTIFIER = artem.syrytsia.AppVision;
				PRODUCT_NAME = "$(TARGET_NAME)";
				SWIFT_VERSION = 5.0;
				TARGETED_DEVICE_FAMILY = "1,2";
			};
			name = Debug;
		};
		AC436040256D1B2000918EEC /* Release */ = {
			isa = XCBuildConfiguration;
			baseConfigurationReference = D8264374E085AE84697622BB /* Pods-AppVision.release.xcconfig */;
			buildSettings = {
				ASSETCATALOG_COMPILER_APPICON_NAME = AppIcon;
				ASSETCATALOG_COMPILER_GLOBAL_ACCENT_COLOR_NAME = AccentColor;
				CODE_SIGN_STYLE = Automatic;
				DEVELOPMENT_TEAM = 8MF5X3F4FR;
				INFOPLIST_FILE = AppVision/Info.plist;
				IPHONEOS_DEPLOYMENT_TARGET = 13.0;
				LD_RUNPATH_SEARCH_PATHS = (
					"$(inherited)",
					"@executable_path/Frameworks",
				);
				PRODUCT_BUNDLE_IDENTIFIER = artem.syrytsia.AppVision;
				PRODUCT_NAME = "$(TARGET_NAME)";
				SWIFT_VERSION = 5.0;
				TARGETED_DEVICE_FAMILY = "1,2";
			};
			name = Release;
		};
/* End XCBuildConfiguration section */

/* Begin XCConfigurationList section */
		AC436025256D1B1D00918EEC /* Build configuration list for PBXProject "AppVision" */ = {
			isa = XCConfigurationList;
			buildConfigurations = (
				AC43603C256D1B2000918EEC /* Debug */,
				AC43603D256D1B2000918EEC /* Release */,
			);
			defaultConfigurationIsVisible = 0;
			defaultConfigurationName = Release;
		};
		AC43603E256D1B2000918EEC /* Build configuration list for PBXNativeTarget "AppVision" */ = {
			isa = XCConfigurationList;
			buildConfigurations = (
				AC43603F256D1B2000918EEC /* Debug */,
				AC436040256D1B2000918EEC /* Release */,
			);
			defaultConfigurationIsVisible = 0;
			defaultConfigurationName = Release;
		};
/* End XCConfigurationList section */
	};
	rootObject = AC436022256D1B1D00918EEC /* Project object */;
}
